
Microsoft Visual Studio Solution File, Format Version 12.00
# Visual Studio Version 16
VisualStudioVersion = 16.0.29609.76
MinimumVisualStudioVersion = 10.0.40219.1
Project("{FAE04EC0-301F-11D3-BF4B-00C04F79EFBC}") = "College.Educat", "College.Educat\College.Educat.csproj", "{B4BE3D36-3062-44DC-95BC-137729D1E8F9}"
EndProject
Global
	GlobalSection(SolutionConfigurationPlatforms) = preSolution
		Debug|Any CPU = Debug|Any CPU
		Release|Any CPU = Release|Any CPU
	EndGlobalSection
	GlobalSection(ProjectConfigurationPlatforms) = postSolution
		{B4BE3D36-3062-44DC-95BC-137729D1E8F9}.Debug|Any CPU.ActiveCfg = Debug|Any CPU
		{B4BE3D36-3062-44DC-95BC-137729D1E8F9}.Debug|Any CPU.Build.0 = Debug|Any CPU
		{B4BE3D36-3062-44DC-95BC-137729D1E8F9}.Release|Any CPU.ActiveCfg = Release|Any CPU
		{B4BE3D36-3062-44DC-95BC-137729D1E8F9}.Release|Any CPU.Build.0 = Release|Any CPU
	EndGlobalSection
	GlobalSection(SolutionProperties) = preSolution
		HideSolutionNode = FALSE
	EndGlobalSection
	GlobalSection(ExtensibilityGlobals) = postSolution
		SolutionGuid = {0F161ADD-374D-4FF5-8028-F89BBE4B32DD}
	EndGlobalSection
EndGlobal
